
Microsoft Visual Studio Solution File, Format Version 12.00
# Visual Studio Version 18
VisualStudioVersion = 18.3.11415.281 d18.3
MinimumVisualStudioVersion = 10.0.40219.1
Project("{FAE04EC0-301F-11D3-BF4B-00C04F79EFBC}") = "Jeu-Mouvements", "BaseOpenTK\Jeu-Mouvements.csproj", "{31A7193A-836E-4F1E-98DF-C2C9743EE860}"
EndProject
Global
	GlobalSection(SolutionConfigurationPlatforms) = preSolution
		Debug|Any CPU = Debug|Any CPU
		Release|Any CPU = Release|Any CPU
	EndGlobalSection
	GlobalSection(ProjectConfigurationPlatforms) = postSolution
		{31A7193A-836E-4F1E-98DF-C2C9743EE860}.Debug|Any CPU.ActiveCfg = Debug|Any CPU
		{31A7193A-836E-4F1E-98DF-C2C9743EE860}.Debug|Any CPU.Build.0 = Debug|Any CPU
		{31A7193A-836E-4F1E-98DF-C2C9743EE860}.Release|Any CPU.ActiveCfg = Release|Any CPU
		{31A7193A-836E-4F1E-98DF-C2C9743EE860}.Release|Any CPU.Build.0 = Release|Any CPU
	EndGlobalSection
	GlobalSection(SolutionProperties) = preSolution
		HideSolutionNode = FALSE
	EndGlobalSection
	GlobalSection(ExtensibilityGlobals) = postSolution
		SolutionGuid = {0B854A66-93C7-4316-9F6B-ECC50BDAE255}
	EndGlobalSection
EndGlobal
